
Microsoft Visual Studio Solution File, Format Version 12.00
# Visual Studio Version 17
VisualStudioVersion = 17.9.34607.119
MinimumVisualStudioVersion = 10.0.40219.1
Project("{FAE04EC0-301F-11D3-BF4B-00C04F79EFBC}") = "ProductAzureFunctions.API", "ProductAzureFunctions.API.csproj", "{C7820F23-AF05-4DB6-BB4C-F0524FA13DCB}"
EndProject
Project("{FAE04EC0-301F-11D3-BF4B-00C04F79EFBC}") = "ProductAzureFunctions.Functions", "..\ProductAzureFunctions.Functions\ProductAzureFunctions.Functions.csproj", "{D8E4FB4E-2AF1-4E4B-9F65-EFF08035633A}"
EndProject
Global
	GlobalSection(SolutionConfigurationPlatforms) = preSolution
		Debug|Any CPU = Debug|Any CPU
		Release|Any CPU = Release|Any CPU
	EndGlobalSection
	GlobalSection(ProjectConfigurationPlatforms) = postSolution
		{C7820F23-AF05-4DB6-BB4C-F0524FA13DCB}.Debug|Any CPU.ActiveCfg = Debug|Any CPU
		{C7820F23-AF05-4DB6-BB4C-F0524FA13DCB}.Debug|Any CPU.Build.0 = Debug|Any CPU
		{C7820F23-AF05-4DB6-BB4C-F0524FA13DCB}.Release|Any CPU.ActiveCfg = Release|Any CPU
		{C7820F23-AF05-4DB6-BB4C-F0524FA13DCB}.Release|Any CPU.Build.0 = Release|Any CPU
		{D8E4FB4E-2AF1-4E4B-9F65-EFF08035633A}.Debug|Any CPU.ActiveCfg = Debug|Any CPU
		{D8E4FB4E-2AF1-4E4B-9F65-EFF08035633A}.Debug|Any CPU.Build.0 = Debug|Any CPU
		{D8E4FB4E-2AF1-4E4B-9F65-EFF08035633A}.Release|Any CPU.ActiveCfg = Release|Any CPU
		{D8E4FB4E-2AF1-4E4B-9F65-EFF08035633A}.Release|Any CPU.Build.0 = Release|Any CPU
	EndGlobalSection
	GlobalSection(SolutionProperties) = preSolution
		HideSolutionNode = FALSE
	EndGlobalSection
	GlobalSection(ExtensibilityGlobals) = postSolution
		SolutionGuid = {91C4371D-9F35-4D84-8B70-53E4C34FA80B}
	EndGlobalSection
EndGlobal
